
Microsoft Visual Studio Solution File, Format Version 12.00
# Visual Studio 15
VisualStudioVersion = 15.0.27703.2042
MinimumVisualStudioVersion = 10.0.40219.1
Project("{FAE04EC0-301F-11D3-BF4B-00C04F79EFBC}") = "UCLRun", "UCLRun\UCLRun.csproj", "{671ED4CF-9276-4F79-BA61-C9D1463C54CA}"
EndProject
Project("{FAE04EC0-301F-11D3-BF4B-00C04F79EFBC}") = "UCLRunTests", "UCLRunTests\UCLRunTests.csproj", "{E9096C10-AE00-443E-BC21-0F99E59B6529}"
EndProject
Global
	GlobalSection(SubversionScc) = preSolution
		Svn-Managed = True
		Manager = AnkhSVN - Subversion Support for Visual Studio
	EndGlobalSection
	GlobalSection(SolutionConfigurationPlatforms) = preSolution
		Debug|Any CPU = Debug|Any CPU
		Release|Any CPU = Release|Any CPU
	EndGlobalSection
	GlobalSection(ProjectConfigurationPlatforms) = postSolution
		{671ED4CF-9276-4F79-BA61-C9D1463C54CA}.Debug|Any CPU.ActiveCfg = Debug|Any CPU
		{671ED4CF-9276-4F79-BA61-C9D1463C54CA}.Debug|Any CPU.Build.0 = Debug|Any CPU
		{671ED4CF-9276-4F79-BA61-C9D1463C54CA}.Release|Any CPU.ActiveCfg = Release|Any CPU
		{671ED4CF-9276-4F79-BA61-C9D1463C54CA}.Release|Any CPU.Build.0 = Release|Any CPU
		{E9096C10-AE00-443E-BC21-0F99E59B6529}.Debug|Any CPU.ActiveCfg = Debug|Any CPU
		{E9096C10-AE00-443E-BC21-0F99E59B6529}.Debug|Any CPU.Build.0 = Debug|Any CPU
		{E9096C10-AE00-443E-BC21-0F99E59B6529}.Release|Any CPU.ActiveCfg = Release|Any CPU
		{E9096C10-AE00-443E-BC21-0F99E59B6529}.Release|Any CPU.Build.0 = Release|Any CPU
	EndGlobalSection
	GlobalSection(SolutionProperties) = preSolution
		HideSolutionNode = FALSE
	EndGlobalSection
	GlobalSection(ExtensibilityGlobals) = postSolution
		SolutionGuid = {6D23ED24-BC3C-43C8-B347-B07B50BB5BA1}
	EndGlobalSection
EndGlobal
